
Microsoft Visual Studio Solution File, Format Version 12.00
# Visual Studio Version 17
VisualStudioVersion = 17.7.34031.279
MinimumVisualStudioVersion = 10.0.40219.1
Project("{FAE04EC0-301F-11D3-BF4B-00C04F79EFBC}") = "ConsoleApp1", "ConsoleApp1\ConsoleApp1.csproj", "{2D3D3A7B-85D2-4F83-98D3-95D9FD5AEF44}"
EndProject
Project("{8BC9CEB8-8B4A-11D0-8D11-00A0C91BC942}") = "StaticLib1", "StaticLib1\StaticLib1.vcxproj", "{83E1494D-2327-49F5-AEBA-6F648211D2AD}"
EndProject
Project("{8BC9CEB8-8B4A-11D0-8D11-00A0C91BC942}") = "ConsoleApplication1", "ConsoleApplication1\ConsoleApplication1.vcxproj", "{5275C989-CD55-479F-B749-DC0D41CD4DB1}"
EndProject
Global
	GlobalSection(SolutionConfigurationPlatforms) = preSolution
		Debug|Any CPU = Debug|Any CPU
		Debug|x64 = Debug|x64
		Debug|x86 = Debug|x86
		Release|Any CPU = Release|Any CPU
		Release|x64 = Release|x64
		Release|x86 = Release|x86
	EndGlobalSection
	GlobalSection(ProjectConfigurationPlatforms) = postSolution
		{2D3D3A7B-85D2-4F83-98D3-95D9FD5AEF44}.Debug|Any CPU.ActiveCfg = Debug|Any CPU
		{2D3D3A7B-85D2-4F83-98D3-95D9FD5AEF44}.Debug|Any CPU.Build.0 = Debug|Any CPU
		{2D3D3A7B-85D2-4F83-98D3-95D9FD5AEF44}.Debug|x64.ActiveCfg = Debug|Any CPU
		{2D3D3A7B-85D2-4F83-98D3-95D9FD5AEF44}.Debug|x64.Build.0 = Debug|Any CPU
		{2D3D3A7B-85D2-4F83-98D3-95D9FD5AEF44}.Debug|x86.ActiveCfg = Debug|Any CPU
		{2D3D3A7B-85D2-4F83-98D3-95D9FD5AEF44}.Debug|x86.Build.0 = Debug|Any CPU
		{2D3D3A7B-85D2-4F83-98D3-95D9FD5AEF44}.Release|Any CPU.ActiveCfg = Release|Any CPU
		{2D3D3A7B-85D2-4F83-98D3-95D9FD5AEF44}.Release|Any CPU.Build.0 = Release|Any CPU
		{2D3D3A7B-85D2-4F83-98D3-95D9FD5AEF44}.Release|x64.ActiveCfg = Release|Any CPU
		{2D3D3A7B-85D2-4F83-98D3-95D9FD5AEF44}.Release|x64.Build.0 = Release|Any CPU
		{2D3D3A7B-85D2-4F83-98D3-95D9FD5AEF44}.Release|x86.ActiveCfg = Release|Any CPU
		{2D3D3A7B-85D2-4F83-98D3-95D9FD5AEF44}.Release|x86.Build.0 = Release|Any CPU
		{83E1494D-2327-49F5-AEBA-6F648211D2AD}.Debug|Any CPU.ActiveCfg = Debug|x64
		{83E1494D-2327-49F5-AEBA-6F648211D2AD}.Debug|Any CPU.Build.0 = Debug|x64
		{83E1494D-2327-49F5-AEBA-6F648211D2AD}.Debug|x64.ActiveCfg = Debug|x64
		{83E1494D-2327-49F5-AEBA-6F648211D2AD}.Debug|x64.Build.0 = Debug|x64
		{83E1494D-2327-49F5-AEBA-6F648211D2AD}.Debug|x86.ActiveCfg = Debug|Win32
		{83E1494D-2327-49F5-AEBA-6F648211D2AD}.Debug|x86.Build.0 = Debug|Win32
		{83E1494D-2327-49F5-AEBA-6F648211D2AD}.Release|Any CPU.ActiveCfg = Release|x64
		{83E1494D-2327-49F5-AEBA-6F648211D2AD}.Release|Any CPU.Build.0 = Release|x64
		{83E1494D-2327-49F5-AEBA-6F648211D2AD}.Release|x64.ActiveCfg = Release|x64
		{83E1494D-2327-49F5-AEBA-6F648211D2AD}.Release|x64.Build.0 = Release|x64
		{83E1494D-2327-49F5-AEBA-6F648211D2AD}.Release|x86.ActiveCfg = Release|Win32
		{83E1494D-2327-49F5-AEBA-6F648211D2AD}.Release|x86.Build.0 = Release|Win32
		{5275C989-CD55-479F-B749-DC0D41CD4DB1}.Debug|Any CPU.ActiveCfg = Debug|x64
		{5275C989-CD55-479F-B749-DC0D41CD4DB1}.Debug|Any CPU.Build.0 = Debug|x64
		{5275C989-CD55-479F-B749-DC0D41CD4DB1}.Debug|x64.ActiveCfg = Debug|x64
		{5275C989-CD55-479F-B749-DC0D41CD4DB1}.Debug|x64.Build.0 = Debug|x64
		{5275C989-CD55-479F-B749-DC0D41CD4DB1}.Debug|x86.ActiveCfg = Debug|Win32
		{5275C989-CD55-479F-B749-DC0D41CD4DB1}.Debug|x86.Build.0 = Debug|Win32
		{5275C989-CD55-479F-B749-DC0D41CD4DB1}.Release|Any CPU.ActiveCfg = Release|x64
		{5275C989-CD55-479F-B749-DC0D41CD4DB1}.Release|Any CPU.Build.0 = Release|x64
		{5275C989-CD55-479F-B749-DC0D41CD4DB1}.Release|x64.ActiveCfg = Release|x64
		{5275C989-CD55-479F-B749-DC0D41CD4DB1}.Release|x64.Build.0 = Release|x64
		{5275C989-CD55-479F-B749-DC0D41CD4DB1}.Release|x86.ActiveCfg = Release|Win32
		{5275C989-CD55-479F-B749-DC0D41CD4DB1}.Release|x86.Build.0 = Release|Win32
	EndGlobalSection
	GlobalSection(SolutionProperties) = preSolution
		HideSolutionNode = FALSE
	EndGlobalSection
	GlobalSection(ExtensibilityGlobals) = postSolution
		SolutionGuid = {8C53E217-4A24-41F6-98CB-F0CF9DA0340B}
	EndGlobalSection
EndGlobal
